// !$*UTF8*$!
{
	archiveVersion = 1;
	classes = {
	};
	objectVersion = 46;
	objects = {

/* Begin PBXBuildFile section */
		8F044F0D193E46EF00707E75 /* Foundation.framework in Frameworks */ = {isa = PBXBuildFile; fileRef = 8F044F0C193E46EF00707E75 /* Foundation.framework */; };
		8F044F0F193E46EF00707E75 /* CoreGraphics.framework in Frameworks */ = {isa = PBXBuildFile; fileRef = 8F044F0E193E46EF00707E75 /* CoreGraphics.framework */; };
		8F044F11193E46EF00707E75 /* UIKit.framework in Frameworks */ = {isa = PBXBuildFile; fileRef = 8F044F10193E46EF00707E75 /* UIKit.framework */; };
		8F044F17193E46EF00707E75 /* InfoPlist.strings in Resources */ = {isa = PBXBuildFile; fileRef = 8F044F15193E46EF00707E75 /* InfoPlist.strings */; };
		8F044F19193E46EF00707E75 /* main.m in Sources */ = {isa = PBXBuildFile; fileRef = 8F044F18193E46EF00707E75 /* main.m */; };
		8F044F1D193E46EF00707E75 /* AppDelegate.m in Sources */ = {isa = PBXBuildFile; fileRef = 8F044F1C193E46EF00707E75 /* AppDelegate.m */; };
		8F044F20193E46EF00707E75 /* Main_iPhone.storyboard in Resources */ = {isa = PBXBuildFile; fileRef = 8F044F1E193E46EF00707E75 /* Main_iPhone.storyboard */; };
		8F044F23193E46EF00707E75 /* Main_iPad.storyboard in Resources */ = {isa = PBXBuildFile; fileRef = 8F044F21193E46EF00707E75 /* Main_iPad.storyboard */; };
		8F044F28193E46EF00707E75 /* Images.xcassets in Resources */ = {isa = PBXBuildFile; fileRef = 8F044F27193E46EF00707E75 /* Images.xcassets */; };
		8F044F2F193E46EF00707E75 /* XCTest.framework in Frameworks */ = {isa = PBXBuildFile; fileRef = 8F044F2E193E46EF00707E75 /* XCTest.framework */; };
		8F044F30193E46EF00707E75 /* Foundation.framework in Frameworks */ = {isa = PBXBuildFile; fileRef = 8F044F0C193E46EF00707E75 /* Foundation.framework */; };
		8F044F31193E46EF00707E75 /* UIKit.framework in Frameworks */ = {isa = PBXBuildFile; fileRef = 8F044F10193E46EF00707E75 /* UIKit.framework */; };
		8F044F39193E46EF00707E75 /* InfoPlist.strings in Resources */ = {isa = PBXBuildFile; fileRef = 8F044F37193E46EF00707E75 /* InfoPlist.strings */; };
		8F044F3B193E46EF00707E75 /* SICollectionViewInCollectionViewCellTests.m in Sources */ = {isa = PBXBuildFile; fileRef = 8F044F3A193E46EF00707E75 /* SICollectionViewInCollectionViewCellTests.m */; };
		8F044F46193E47BA00707E75 /* SIOuterCollectionViewController.m in Sources */ = {isa = PBXBuildFile; fileRef = 8F044F45193E47BA00707E75 /* SIOuterCollectionViewController.m */; };
		8F044F49193E47D700707E75 /* SIInnerCollectionViewController.m in Sources */ = {isa = PBXBuildFile; fileRef = 8F044F48193E47D700707E75 /* SIInnerCollectionViewController.m */; };
		8F044F4C193E484C00707E75 /* SIOuterCollectionViewCell.m in Sources */ = {isa = PBXBuildFile; fileRef = 8F044F4B193E484C00707E75 /* SIOuterCollectionViewCell.m */; };
		8F044F4F193E485F00707E75 /* SIInnerCollectionViewCell.m in Sources */ = {isa = PBXBuildFile; fileRef = 8F044F4E193E485F00707E75 /* SIInnerCollectionViewCell.m */; };
		8F044F52193E599000707E75 /* UIColor+Random.m in Sources */ = {isa = PBXBuildFile; fileRef = 8F044F51193E599000707E75 /* UIColor+Random.m */; };
/* End PBXBuildFile section */

/* Begin PBXContainerItemProxy section */
		8F044F32193E46EF00707E75 /* PBXContainerItemProxy */ = {
			isa = PBXContainerItemProxy;
			containerPortal = 8F044F01193E46EF00707E75 /* Project object */;
			proxyType = 1;
			remoteGlobalIDString = 8F044F08193E46EF00707E75;
			remoteInfo = SICollectionViewInCollectionViewCell;
		};
/* End PBXContainerItemProxy section */

/* Begin PBXFileReference section */
		8F044F09193E46EF00707E75 /* SICollectionViewInCollectionViewCell.app */ = {isa = PBXFileReference; explicitFileType = wrapper.application; includeInIndex = 0; path = SICollectionViewInCollectionViewCell.app; sourceTree = BUILT_PRODUCTS_DIR; };
		8F044F0C193E46EF00707E75 /* Foundation.framework */ = {isa = PBXFileReference; lastKnownFileType = wrapper.framework; name = Foundation.framework; path = System/Library/Frameworks/Foundation.framework; sourceTree = SDKROOT; };
		8F044F0E193E46EF00707E75 /* CoreGraphics.framework */ = {isa = PBXFileReference; lastKnownFileType = wrapper.framework; name = CoreGraphics.framework; path = System/Library/Frameworks/CoreGraphics.framework; sourceTree = SDKROOT; };
		8F044F10193E46EF00707E75 /* UIKit.framework */ = {isa = PBXFileReference; lastKnownFileType = wrapper.framework; name = UIKit.framework; path = System/Library/Frameworks/UIKit.framework; sourceTree = SDKROOT; };
		8F044F14193E46EF00707E75 /* SICollectionViewInCollectionViewCell-Info.plist */ = {isa = PBXFileReference; lastKnownFileType = text.plist.xml; path = "SICollectionViewInCollectionViewCell-Info.plist"; sourceTree = "<group>"; };
		8F044F16193E46EF00707E75 /* en */ = {isa = PBXFileReference; lastKnownFileType = text.plist.strings; name = en; path = en.lproj/InfoPlist.strings; sourceTree = "<group>"; };
		8F044F18193E46EF00707E75 /* main.m */ = {isa = PBXFileReference; lastKnownFileType = sourcecode.c.objc; path = main.m; sourceTree = "<group>"; };
		8F044F1A193E46EF00707E75 /* SICollectionViewInCollectionViewCell-Prefix.pch */ = {isa = PBXFileReference; lastKnownFileType = sourcecode.c.h; path = "SICollectionViewInCollectionViewCell-Prefix.pch"; sourceTree = "<group>"; };
		8F044F1B193E46EF00707E75 /* AppDelegate.h */ = {isa = PBXFileReference; lastKnownFileType = sourcecode.c.h; path = AppDelegate.h; sourceTree = "<group>"; };
		8F044F1C193E46EF00707E75 /* AppDelegate.m */ = {isa = PBXFileReference; lastKnownFileType = sourcecode.c.objc; path = AppDelegate.m; sourceTree = "<group>"; };
		8F044F1F193E46EF00707E75 /* Base */ = {isa = PBXFileReference; lastKnownFileType = file.storyboard; name = Base; path = Base.lproj/Main_iPhone.storyboard; sourceTree = "<group>"; };
		8F044F22193E46EF00707E75 /* Base */ = {isa = PBXFileReference; lastKnownFileType = file.storyboard; name = Base; path = Base.lproj/Main_iPad.storyboard; sourceTree = "<group>"; };
		8F044F27193E46EF00707E75 /* Images.xcassets */ = {isa = PBXFileReference; lastKnownFileType = folder.assetcatalog; path = Images.xcassets; sourceTree = "<group>"; };
		8F044F2D193E46EF00707E75 /* SICollectionViewInCollectionViewCellTests.xctest */ = {isa = PBXFileReference; explicitFileType = wrapper.cfbundle; includeInIndex = 0; path = SICollectionViewInCollectionViewCellTests.xctest; sourceTree = BUILT_PRODUCTS_DIR; };
		8F044F2E193E46EF00707E75 /* XCTest.framework */ = {isa = PBXFileReference; lastKnownFileType = wrapper.framework; name = XCTest.framework; path = Library/Frameworks/XCTest.framework; sourceTree = DEVELOPER_DIR; };
		8F044F36193E46EF00707E75 /* SICollectionViewInCollectionViewCellTests-Info.plist */ = {isa = PBXFileReference; lastKnownFileType = text.plist.xml; path = "SICollectionViewInCollectionViewCellTests-Info.plist"; sourceTree = "<group>"; };
		8F044F38193E46EF00707E75 /* en */ = {isa = PBXFileReference; lastKnownFileType = text.plist.strings; name = en; path = en.lproj/InfoPlist.strings; sourceTree = "<group>"; };
		8F044F3A193E46EF00707E75 /* SICollectionViewInCollectionViewCellTests.m */ = {isa = PBXFileReference; lastKnownFileType = sourcecode.c.objc; path = SICollectionViewInCollectionViewCellTests.m; sourceTree = "<group>"; };
		8F044F44193E47BA00707E75 /* SIOuterCollectionViewController.h */ = {isa = PBXFileReference; fileEncoding = 4; lastKnownFileType = sourcecode.c.h; path = SIOuterCollectionViewController.h; sourceTree = "<group>"; };
		8F044F45193E47BA00707E75 /* SIOuterCollectionViewController.m */ = {isa = PBXFileReference; fileEncoding = 4; lastKnownFileType = sourcecode.c.objc; path = SIOuterCollectionViewController.m; sourceTree = "<group>"; };
		8F044F47193E47D700707E75 /* SIInnerCollectionViewController.h */ = {isa = PBXFileReference; fileEncoding = 4; lastKnownFileType = sourcecode.c.h; path = SIInnerCollectionViewController.h; sourceTree = "<group>"; };
		8F044F48193E47D700707E75 /* SIInnerCollectionViewController.m */ = {isa = PBXFileReference; fileEncoding = 4; lastKnownFileType = sourcecode.c.objc; path = SIInnerCollectionViewController.m; sourceTree = "<group>"; };
		8F044F4A193E484C00707E75 /* SIOuterCollectionViewCell.h */ = {isa = PBXFileReference; fileEncoding = 4; lastKnownFileType = sourcecode.c.h; path = SIOuterCollectionViewCell.h; sourceTree = "<group>"; };
		8F044F4B193E484C00707E75 /* SIOuterCollectionViewCell.m */ = {isa = PBXFileReference; fileEncoding = 4; lastKnownFileType = sourcecode.c.objc; path = SIOuterCollectionViewCell.m; sourceTree = "<group>"; };
		8F044F4D193E485F00707E75 /* SIInnerCollectionViewCell.h */ = {isa = PBXFileReference; fileEncoding = 4; lastKnownFileType = sourcecode.c.h; path = SIInnerCollectionViewCell.h; sourceTree = "<group>"; };
		8F044F4E193E485F00707E75 /* SIInnerCollectionViewCell.m */ = {isa = PBXFileReference; fileEncoding = 4; lastKnownFileType = sourcecode.c.objc; path = SIInnerCollectionViewCell.m; sourceTree = "<group>"; };
		8F044F50193E599000707E75 /* UIColor+Random.h */ = {isa = PBXFileReference; fileEncoding = 4; lastKnownFileType = sourcecode.c.h; path = "UIColor+Random.h"; sourceTree = "<group>"; };
		8F044F51193E599000707E75 /* UIColor+Random.m */ = {isa = PBXFileReference; fileEncoding = 4; lastKnownFileType = sourcecode.c.objc; path = "UIColor+Random.m"; sourceTree = "<group>"; };
/* End PBXFileReference section */

/* Begin PBXFrameworksBuildPhase section */
		8F044F06193E46EF00707E75 /* Frameworks */ = {
			isa = PBXFrameworksBuildPhase;
			buildActionMask = 2147483647;
			files = (
				8F044F0F193E46EF00707E75 /* CoreGraphics.framework in Frameworks */,
				8F044F11193E46EF00707E75 /* UIKit.framework in Frameworks */,
				8F044F0D193E46EF00707E75 /* Foundation.framework in Frameworks */,
			);
			runOnlyForDeploymentPostprocessing = 0;
		};
		8F044F2A193E46EF00707E75 /* Frameworks */ = {
			isa = PBXFrameworksBuildPhase;
			buildActionMask = 2147483647;
			files = (
				8F044F2F193E46EF00707E75 /* XCTest.framework in Frameworks */,
				8F044F31193E46EF00707E75 /* UIKit.framework in Frameworks */,
				8F044F30193E46EF00707E75 /* Foundation.framework in Frameworks */,
			);
			runOnlyForDeploymentPostprocessing = 0;
		};
/* End PBXFrameworksBuildPhase section */

/* Begin PBXGroup section */
		8F044F00193E46EF00707E75 = {
			isa = PBXGroup;
			children = (
				8F044F12193E46EF00707E75 /* SICollectionViewInCollectionViewCell */,
				8F044F34193E46EF00707E75 /* SICollectionViewInCollectionViewCellTests */,
				8F044F0B193E46EF00707E75 /* Frameworks */,
				8F044F0A193E46EF00707E75 /* Products */,
			);
			sourceTree = "<group>";
		};
		8F044F0A193E46EF00707E75 /* Products */ = {
			isa = PBXGroup;
			children = (
				8F044F09193E46EF00707E75 /* SICollectionViewInCollectionViewCell.app */,
				8F044F2D193E46EF00707E75 /* SICollectionViewInCollectionViewCellTests.xctest */,
			);
			name = Products;
			sourceTree = "<group>";
		};
		8F044F0B193E46EF00707E75 /* Frameworks */ = {
			isa = PBXGroup;
			children = (
				8F044F0C193E46EF00707E75 /* Foundation.framework */,
				8F044F0E193E46EF00707E75 /* CoreGraphics.framework */,
				8F044F10193E46EF00707E75 /* UIKit.framework */,
				8F044F2E193E46EF00707E75 /* XCTest.framework */,
			);
			name = Frameworks;
			sourceTree = "<group>";
		};
		8F044F12193E46EF00707E75 /* SICollectionViewInCollectionViewCell */ = {
			isa = PBXGroup;
			children = (
				8F044F1B193E46EF00707E75 /* AppDelegate.h */,
				8F044F1C193E46EF00707E75 /* AppDelegate.m */,
				8F044F1E193E46EF00707E75 /* Main_iPhone.storyboard */,
				8F044F21193E46EF00707E75 /* Main_iPad.storyboard */,
				8F044F50193E599000707E75 /* UIColor+Random.h */,
				8F044F51193E599000707E75 /* UIColor+Random.m */,
				8F044F44193E47BA00707E75 /* SIOuterCollectionViewController.h */,
				8F044F45193E47BA00707E75 /* SIOuterCollectionViewController.m */,
				8F044F4A193E484C00707E75 /* SIOuterCollectionViewCell.h */,
				8F044F4B193E484C00707E75 /* SIOuterCollectionViewCell.m */,
				8F044F47193E47D700707E75 /* SIInnerCollectionViewController.h */,
				8F044F48193E47D700707E75 /* SIInnerCollectionViewController.m */,
				8F044F4D193E485F00707E75 /* SIInnerCollectionViewCell.h */,
				8F044F4E193E485F00707E75 /* SIInnerCollectionViewCell.m */,
				8F044F27193E46EF00707E75 /* Images.xcassets */,
				8F044F13193E46EF00707E75 /* Supporting Files */,
			);
			path = SICollectionViewInCollectionViewCell;
			sourceTree = "<group>";
		};
		8F044F13193E46EF00707E75 /* Supporting Files */ = {
			isa = PBXGroup;
			children = (
				8F044F14193E46EF00707E75 /* SICollectionViewInCollectionViewCell-Info.plist */,
				8F044F15193E46EF00707E75 /* InfoPlist.strings */,
				8F044F18193E46EF00707E75 /* main.m */,
				8F044F1A193E46EF00707E75 /* SICollectionViewInCollectionViewCell-Prefix.pch */,
			);
			name = "Supporting Files";
			sourceTree = "<group>";
		};
		8F044F34193E46EF00707E75 /* SICollectionViewInCollectionViewCellTests */ = {
			isa = PBXGroup;
			children = (
				8F044F3A193E46EF00707E75 /* SICollectionViewInCollectionViewCellTests.m */,
				8F044F35193E46EF00707E75 /* Supporting Files */,
			);
			path = SICollectionViewInCollectionViewCellTests;
			sourceTree = "<group>";
		};
		8F044F35193E46EF00707E75 /* Supporting Files */ = {
			isa = PBXGroup;
			children = (
				8F044F36193E46EF00707E75 /* SICollectionViewInCollectionViewCellTests-Info.plist */,
				8F044F37193E46EF00707E75 /* InfoPlist.strings */,
			);
			name = "Supporting Files";
			sourceTree = "<group>";
		};
/* End PBXGroup section */

/* Begin PBXNativeTarget section */
		8F044F08193E46EF00707E75 /* SICollectionViewInCollectionViewCell */ = {
			isa = PBXNativeTarget;
			buildConfigurationList = 8F044F3E193E46EF00707E75 /* Build configuration list for PBXNativeTarget "SICollectionViewInCollectionViewCell" */;
			buildPhases = (
				8F044F05193E46EF00707E75 /* Sources */,
				8F044F06193E46EF00707E75 /* Frameworks */,
				8F044F07193E46EF00707E75 /* Resources */,
			);
			buildRules = (
			);
			dependencies = (
			);
			name = SICollectionViewInCollectionViewCell;
			productName = SICollectionViewInCollectionViewCell;
			productReference = 8F044F09193E46EF00707E75 /* SICollectionViewInCollectionViewCell.app */;
			productType = "com.apple.product-type.application";
		};
		8F044F2C193E46EF00707E75 /* SICollectionViewInCollectionViewCellTests */ = {
			isa = PBXNativeTarget;
			buildConfigurationList = 8F044F41193E46EF00707E75 /* Build configuration list for PBXNativeTarget "SICollectionViewInCollectionViewCellTests" */;
			buildPhases = (
				8F044F29193E46EF00707E75 /* Sources */,
				8F044F2A193E46EF00707E75 /* Frameworks */,
				8F044F2B193E46EF00707E75 /* Resources */,
			);
			buildRules = (
			);
			dependencies = (
				8F044F33193E46EF00707E75 /* PBXTargetDependency */,
			);
			name = SICollectionViewInCollectionViewCellTests;
			productName = SICollectionViewInCollectionViewCellTests;
			productReference = 8F044F2D193E46EF00707E75 /* SICollectionViewInCollectionViewCellTests.xctest */;
			productType = "com.apple.product-type.bundle.unit-test";
		};
/* End PBXNativeTarget section */

/* Begin PBXProject section */
		8F044F01193E46EF00707E75 /* Project object */ = {
			isa = PBXProject;
			attributes = {
				LastUpgradeCheck = 0510;
				ORGANIZATIONNAME = "Silverback IT";
				TargetAttributes = {
					8F044F2C193E46EF00707E75 = {
						TestTargetID = 8F044F08193E46EF00707E75;
					};
				};
			};
			buildConfigurationList = 8F044F04193E46EF00707E75 /* Build configuration list for PBXProject "SICollectionViewInCollectionViewCell" */;
			compatibilityVersion = "Xcode 3.2";
			developmentRegion = English;
			hasScannedForEncodings = 0;
			knownRegions = (
				en,
				Base,
			);
			mainGroup = 8F044F00193E46EF00707E75;
			productRefGroup = 8F044F0A193E46EF00707E75 /* Products */;
			projectDirPath = "";
			projectRoot = "";
			targets = (
				8F044F08193E46EF00707E75 /* SICollectionViewInCollectionViewCell */,
				8F044F2C193E46EF00707E75 /* SICollectionViewInCollectionViewCellTests */,
			);
		};
/* End PBXProject section */

/* Begin PBXResourcesBuildPhase section */
		8F044F07193E46EF00707E75 /* Resources */ = {
			isa = PBXResourcesBuildPhase;
			buildActionMask = 2147483647;
			files = (
				8F044F23193E46EF00707E75 /* Main_iPad.storyboard in Resources */,
				8F044F28193E46EF00707E75 /* Images.xcassets in Resources */,
				8F044F20193E46EF00707E75 /* Main_iPhone.storyboard in Resources */,
				8F044F17193E46EF00707E75 /* InfoPlist.strings in Resources */,
			);
			runOnlyForDeploymentPostprocessing = 0;
		};
		8F044F2B193E46EF00707E75 /* Resources */ = {
			isa = PBXResourcesBuildPhase;
			buildActionMask = 2147483647;
			files = (
				8F044F39193E46EF00707E75 /* InfoPlist.strings in Resources */,
			);
			runOnlyForDeploymentPostprocessing = 0;
		};
/* End PBXResourcesBuildPhase section */

/* Begin PBXSourcesBuildPhase section */
		8F044F05193E46EF00707E75 /* Sources */ = {
			isa = PBXSourcesBuildPhase;
			buildActionMask = 2147483647;
			files = (
				8F044F52193E599000707E75 /* UIColor+Random.m in Sources */,
				8F044F1D193E46EF00707E75 /* AppDelegate.m in Sources */,
				8F044F49193E47D700707E75 /* SIInnerCollectionViewController.m in Sources */,
				8F044F46193E47BA00707E75 /* SIOuterCollectionViewController.m in Sources */,
				8F044F19193E46EF00707E75 /* main.m in Sources */,
				8F044F4C193E484C00707E75 /* SIOuterCollectionViewCell.m in Sources */,
				8F044F4F193E485F00707E75 /* SIInnerCollectionViewCell.m in Sources */,
			);
			runOnlyForDeploymentPostprocessing = 0;
		};
		8F044F29193E46EF00707E75 /* Sources */ = {
			isa = PBXSourcesBuildPhase;
			buildActionMask = 2147483647;
			files = (
				8F044F3B193E46EF00707E75 /* SICollectionViewInCollectionViewCellTests.m in Sources */,
			);
			runOnlyForDeploymentPostprocessing = 0;
		};
/* End PBXSourcesBuildPhase section */

/* Begin PBXTargetDependency section */
		8F044F33193E46EF00707E75 /* PBXTargetDependency */ = {
			isa = PBXTargetDependency;
			target = 8F044F08193E46EF00707E75 /* SICollectionViewInCollectionViewCell */;
			targetProxy = 8F044F32193E46EF00707E75 /* PBXContainerItemProxy */;
		};
/* End PBXTargetDependency section */

/* Begin PBXVariantGroup section */
		8F044F15193E46EF00707E75 /* InfoPlist.strings */ = {
			isa = PBXVariantGroup;
			children = (
				8F044F16193E46EF00707E75 /* en */,
			);
			name = InfoPlist.strings;
			sourceTree = "<group>";
		};
		8F044F1E193E46EF00707E75 /* Main_iPhone.storyboard */ = {
			isa = PBXVariantGroup;
			children = (
				8F044F1F193E46EF00707E75 /* Base */,
			);
			name = Main_iPhone.storyboard;
			sourceTree = "<group>";
		};
		8F044F21193E46EF00707E75 /* Main_iPad.storyboard */ = {
			isa = PBXVariantGroup;
			children = (
				8F044F22193E46EF00707E75 /* Base */,
			);
			name = Main_iPad.storyboard;
			sourceTree = "<group>";
		};
		8F044F37193E46EF00707E75 /* InfoPlist.strings */ = {
			isa = PBXVariantGroup;
			children = (
				8F044F38193E46EF00707E75 /* en */,
			);
			name = InfoPlist.strings;
			sourceTree = "<group>";
		};
/* End PBXVariantGroup section */

/* Begin XCBuildConfiguration section */
		8F044F3C193E46EF00707E75 /* Debug */ = {
			isa = XCBuildConfiguration;
			buildSettings = {
				ALWAYS_SEARCH_USER_PATHS = NO;
				CLANG_CXX_LANGUAGE_STANDARD = "gnu++0x";
				CLANG_CXX_LIBRARY = "libc++";
				CLANG_ENABLE_MODULES = YES;
				CLANG_ENABLE_OBJC_ARC = YES;
				CLANG_WARN_BOOL_CONVERSION = YES;
				CLANG_WARN_CONSTANT_CONVERSION = YES;
				CLANG_WARN_DIRECT_OBJC_ISA_USAGE = YES_ERROR;
				CLANG_WARN_EMPTY_BODY = YES;
				CLANG_WARN_ENUM_CONVERSION = YES;
				CLANG_WARN_INT_CONVERSION = YES;
				CLANG_WARN_OBJC_ROOT_CLASS = YES_ERROR;
				CLANG_WARN__DUPLICATE_METHOD_MATCH = YES;
				"CODE_SIGN_IDENTITY[sdk=iphoneos*]" = "iPhone Developer";
				COPY_PHASE_STRIP = NO;
				GCC_C_LANGUAGE_STANDARD = gnu99;
				GCC_DYNAMIC_NO_PIC = NO;
				GCC_OPTIMIZATION_LEVEL = 0;
				GCC_PREPROCESSOR_DEFINITIONS = (
					"DEBUG=1",
					"$(inherited)",
				);
				GCC_SYMBOLS_PRIVATE_EXTERN = NO;
				GCC_WARN_64_TO_32_BIT_CONVERSION = YES;
				GCC_WARN_ABOUT_RETURN_TYPE = YES_ERROR;
				GCC_WARN_UNDECLARED_SELECTOR = YES;
				GCC_WARN_UNINITIALIZED_AUTOS = YES_AGGRESSIVE;
				GCC_WARN_UNUSED_FUNCTION = YES;
				GCC_WARN_UNUSED_VARIABLE = YES;
				IPHONEOS_DEPLOYMENT_TARGET = 7.1;
				ONLY_ACTIVE_ARCH = YES;
				SDKROOT = iphoneos;
				TARGETED_DEVICE_FAMILY = "1,2";
			};
			name = Debug;
		};
		8F044F3D193E46EF00707E75 /* Release */ = {
			isa = XCBuildConfiguration;
			buildSettings = {
				ALWAYS_SEARCH_USER_PATHS = NO;
				CLANG_CXX_LANGUAGE_STANDARD = "gnu++0x";
				CLANG_CXX_LIBRARY = "libc++";
				CLANG_ENABLE_MODULES = YES;
				CLANG_ENABLE_OBJC_ARC = YES;
				CLANG_WARN_BOOL_CONVERSION = YES;
				CLANG_WARN_CONSTANT_CONVERSION = YES;
				CLANG_WARN_DIRECT_OBJC_ISA_USAGE = YES_ERROR;
				CLANG_WARN_EMPTY_BODY = YES;
				CLANG_WARN_ENUM_CONVERSION = YES;
				CLANG_WARN_INT_CONVERSION = YES;
				CLANG_WARN_OBJC_ROOT_CLASS = YES_ERROR;
				CLANG_WARN__DUPLICATE_METHOD_MATCH = YES;
				"CODE_SIGN_IDENTITY[sdk=iphoneos*]" = "iPhone Developer";
				COPY_PHASE_STRIP = YES;
				ENABLE_NS_ASSERTIONS = NO;
				GCC_C_LANGUAGE_STANDARD = gnu99;
				GCC_WARN_64_TO_32_BIT_CONVERSION = YES;
				GCC_WARN_ABOUT_RETURN_TYPE = YES_ERROR;
				GCC_WARN_UNDECLARED_SELECTOR = YES;
				GCC_WARN_UNINITIALIZED_AUTOS = YES_AGGRESSIVE;
				GCC_WARN_UNUSED_FUNCTION = YES;
				GCC_WARN_UNUSED_VARIABLE = YES;
				IPHONEOS_DEPLOYMENT_TARGET = 7.1;
				SDKROOT = iphoneos;
				TARGETED_DEVICE_FAMILY = "1,2";
				VALIDATE_PRODUCT = YES;
			};
			name = Release;
		};
		8F044F3F193E46EF00707E75 /* Debug */ = {
			isa = XCBuildConfiguration;
			buildSettings = {
				ASSETCATALOG_COMPILER_APPICON_NAME = AppIcon;
				ASSETCATALOG_COMPILER_LAUNCHIMAGE_NAME = LaunchImage;
				GCC_PRECOMPILE_PREFIX_HEADER = YES;
				GCC_PREFIX_HEADER = "SICollectionViewInCollectionViewCell/SICollectionViewInCollectionViewCell-Prefix.pch";
				INFOPLIST_FILE = "SICollectionViewInCollectionViewCell/SICollectionViewInCollectionViewCell-Info.plist";
				PRODUCT_NAME = "$(TARGET_NAME)";
				WRAPPER_EXTENSION = app;
			};
			name = Debug;
		};
		8F044F40193E46EF00707E75 /* Release */ = {
			isa = XCBuildConfiguration;
			buildSettings = {
				ASSETCATALOG_COMPILER_APPICON_NAME = AppIcon;
				ASSETCATALOG_COMPILER_LAUNCHIMAGE_NAME = LaunchImage;
				GCC_PRECOMPILE_PREFIX_HEADER = YES;
				GCC_PREFIX_HEADER = "SICollectionViewInCollectionViewCell/SICollectionViewInCollectionViewCell-Prefix.pch";
				INFOPLIST_FILE = "SICollectionViewInCollectionViewCell/SICollectionViewInCollectionViewCell-Info.plist";
				PRODUCT_NAME = "$(TARGET_NAME)";
				WRAPPER_EXTENSION = app;
			};
			name = Release;
		};
		8F044F42193E46EF00707E75 /* Debug */ = {
			isa = XCBuildConfiguration;
			buildSettings = {
				BUNDLE_LOADER = "$(BUILT_PRODUCTS_DIR)/SICollectionViewInCollectionViewCell.app/SICollectionViewInCollectionViewCell";
				FRAMEWORK_SEARCH_PATHS = (
					"$(SDKROOT)/Developer/Library/Frameworks",
					"$(inherited)",
					"$(DEVELOPER_FRAMEWORKS_DIR)",
				);
				GCC_PRECOMPILE_PREFIX_HEADER = YES;
				GCC_PREFIX_HEADER = "SICollectionViewInCollectionViewCell/SICollectionViewInCollectionViewCell-Prefix.pch";
				GCC_PREPROCESSOR_DEFINITIONS = (
					"DEBUG=1",
					"$(inherited)",
				);
				INFOPLIST_FILE = "SICollectionViewInCollectionViewCellTests/SICollectionViewInCollectionViewCellTests-Info.plist";
				PRODUCT_NAME = "$(TARGET_NAME)";
				TEST_HOST = "$(BUNDLE_LOADER)";
				WRAPPER_EXTENSION = xctest;
			};
			name = Debug;
		};
		8F044F43193E46EF00707E75 /* Release */ = {
			isa = XCBuildConfiguration;
			buildSettings = {
				BUNDLE_LOADER = "$(BUILT_PRODUCTS_DIR)/SICollectionViewInCollectionViewCell.app/SICollectionViewInCollectionViewCell";
				FRAMEWORK_SEARCH_PATHS = (
					"$(SDKROOT)/Developer/Library/Frameworks",
					"$(inherited)",
					"$(DEVELOPER_FRAMEWORKS_DIR)",
				);
				GCC_PRECOMPILE_PREFIX_HEADER = YES;
				GCC_PREFIX_HEADER = "SICollectionViewInCollectionViewCell/SICollectionViewInCollectionViewCell-Prefix.pch";
				INFOPLIST_FILE = "SICollectionViewInCollectionViewCellTests/SICollectionViewInCollectionViewCellTests-Info.plist";
				PRODUCT_NAME = "$(TARGET_NAME)";
				TEST_HOST = "$(BUNDLE_LOADER)";
				WRAPPER_EXTENSION = xctest;
			};
			name = Release;
		};
/* End XCBuildConfiguration section */

/* Begin XCConfigurationList section */
		8F044F04193E46EF00707E75 /* Build configuration list for PBXProject "SICollectionViewInCollectionViewCell" */ = {
			isa = XCConfigurationList;
			buildConfigurations = (
				8F044F3C193E46EF00707E75 /* Debug */,
				8F044F3D193E46EF00707E75 /* Release */,
			);
			defaultConfigurationIsVisible = 0;
			defaultConfigurationName = Release;
		};
		8F044F3E193E46EF00707E75 /* Build configuration list for PBXNativeTarget "SICollectionViewInCollectionViewCell" */ = {
			isa = XCConfigurationList;
			buildConfigurations = (
				8F044F3F193E46EF00707E75 /* Debug */,
				8F044F40193E46EF00707E75 /* Release */,
			);
			defaultConfigurationIsVisible = 0;
		};
		8F044F41193E46EF00707E75 /* Build configuration list for PBXNativeTarget "SICollectionViewInCollectionViewCellTests" */ = {
			isa = XCConfigurationList;
			buildConfigurations = (
				8F044F42193E46EF00707E75 /* Debug */,
				8F044F43193E46EF00707E75 /* Release */,
			);
			defaultConfigurationIsVisible = 0;
		};
/* End XCConfigurationList section */
	};
	rootObject = 8F044F01193E46EF00707E75 /* Project object */;
}
